
Microsoft Visual Studio Solution File, Format Version 12.00
# Visual Studio 15
VisualStudioVersion = 15.0.28307.852
MinimumVisualStudioVersion = 10.0.40219.1
Project("{8BC9CEB8-8B4A-11D0-8D11-00A0C91BC942}") = "LearnC", "LearnC\LearnC.vcxproj", "{BE222096-3B05-4297-AA13-C2A81867D9D6}"
EndProject
Project("{8BC9CEB8-8B4A-11D0-8D11-00A0C91BC942}") = "LearnC1", "LearnC1\LearnC1.vcxproj", "{021998D8-288E-4B7F-9EE6-DAB517538C28}"
EndProject
Project("{8BC9CEB8-8B4A-11D0-8D11-00A0C91BC942}") = "LearnC2", "LearnC2\LearnC2.vcxproj", "{BE54227E-68FB-44A4-97BF-67B5A97DE171}"
EndProject
Project("{8BC9CEB8-8B4A-11D0-8D11-00A0C91BC942}") = "LearnC3", "LearnC3\LearnC3.vcxproj", "{A8E46ACA-2063-4C41-A1CD-46096DCE9AB5}"
EndProject
Project("{8BC9CEB8-8B4A-11D0-8D11-00A0C91BC942}") = "LearnC4", "LearnC4\LearnC4.vcxproj", "{5D68500A-F373-4A0E-B8C6-E3303425F0C7}"
EndProject
Project("{8BC9CEB8-8B4A-11D0-8D11-00A0C91BC942}") = "LearnC5", "LearnC5\LearnC5.vcxproj", "{BDE120AF-8CC8-4041-B9A2-C071B3711236}"
EndProject
Global
	GlobalSection(SolutionConfigurationPlatforms) = preSolution
		Debug|x64 = Debug|x64
		Debug|x86 = Debug|x86
		Release|x64 = Release|x64
		Release|x86 = Release|x86
	EndGlobalSection
	GlobalSection(ProjectConfigurationPlatforms) = postSolution
		{BE222096-3B05-4297-AA13-C2A81867D9D6}.Debug|x64.ActiveCfg = Debug|x64
		{BE222096-3B05-4297-AA13-C2A81867D9D6}.Debug|x86.ActiveCfg = Debug|Win32
		{BE222096-3B05-4297-AA13-C2A81867D9D6}.Debug|x86.Build.0 = Debug|Win32
		{BE222096-3B05-4297-AA13-C2A81867D9D6}.Release|x64.ActiveCfg = Release|x64
		{BE222096-3B05-4297-AA13-C2A81867D9D6}.Release|x64.Build.0 = Release|x64
		{BE222096-3B05-4297-AA13-C2A81867D9D6}.Release|x86.ActiveCfg = Release|Win32
		{BE222096-3B05-4297-AA13-C2A81867D9D6}.Release|x86.Build.0 = Release|Win32
		{021998D8-288E-4B7F-9EE6-DAB517538C28}.Debug|x64.ActiveCfg = Debug|x64
		{021998D8-288E-4B7F-9EE6-DAB517538C28}.Debug|x86.ActiveCfg = Debug|Win32
		{021998D8-288E-4B7F-9EE6-DAB517538C28}.Debug|x86.Build.0 = Debug|Win32
		{021998D8-288E-4B7F-9EE6-DAB517538C28}.Release|x64.ActiveCfg = Release|x64
		{021998D8-288E-4B7F-9EE6-DAB517538C28}.Release|x64.Build.0 = Release|x64
		{021998D8-288E-4B7F-9EE6-DAB517538C28}.Release|x86.ActiveCfg = Release|Win32
		{021998D8-288E-4B7F-9EE6-DAB517538C28}.Release|x86.Build.0 = Release|Win32
		{BE54227E-68FB-44A4-97BF-67B5A97DE171}.Debug|x64.ActiveCfg = Debug|x64
		{BE54227E-68FB-44A4-97BF-67B5A97DE171}.Debug|x86.ActiveCfg = Debug|Win32
		{BE54227E-68FB-44A4-97BF-67B5A97DE171}.Debug|x86.Build.0 = Debug|Win32
		{BE54227E-68FB-44A4-97BF-67B5A97DE171}.Release|x64.ActiveCfg = Release|x64
		{BE54227E-68FB-44A4-97BF-67B5A97DE171}.Release|x64.Build.0 = Release|x64
		{BE54227E-68FB-44A4-97BF-67B5A97DE171}.Release|x86.ActiveCfg = Release|Win32
		{BE54227E-68FB-44A4-97BF-67B5A97DE171}.Release|x86.Build.0 = Release|Win32
		{A8E46ACA-2063-4C41-A1CD-46096DCE9AB5}.Debug|x64.ActiveCfg = Debug|x64
		{A8E46ACA-2063-4C41-A1CD-46096DCE9AB5}.Debug|x86.ActiveCfg = Debug|Win32
		{A8E46ACA-2063-4C41-A1CD-46096DCE9AB5}.Debug|x86.Build.0 = Debug|Win32
		{A8E46ACA-2063-4C41-A1CD-46096DCE9AB5}.Release|x64.ActiveCfg = Release|x64
		{A8E46ACA-2063-4C41-A1CD-46096DCE9AB5}.Release|x64.Build.0 = Release|x64
		{A8E46ACA-2063-4C41-A1CD-46096DCE9AB5}.Release|x86.ActiveCfg = Release|Win32
		{A8E46ACA-2063-4C41-A1CD-46096DCE9AB5}.Release|x86.Build.0 = Release|Win32
		{5D68500A-F373-4A0E-B8C6-E3303425F0C7}.Debug|x64.ActiveCfg = Debug|x64
		{5D68500A-F373-4A0E-B8C6-E3303425F0C7}.Debug|x86.ActiveCfg = Debug|Win32
		{5D68500A-F373-4A0E-B8C6-E3303425F0C7}.Debug|x86.Build.0 = Debug|Win32
		{5D68500A-F373-4A0E-B8C6-E3303425F0C7}.Release|x64.ActiveCfg = Release|x64
		{5D68500A-F373-4A0E-B8C6-E3303425F0C7}.Release|x64.Build.0 = Release|x64
		{5D68500A-F373-4A0E-B8C6-E3303425F0C7}.Release|x86.ActiveCfg = Release|Win32
		{5D68500A-F373-4A0E-B8C6-E3303425F0C7}.Release|x86.Build.0 = Release|Win32
		{BDE120AF-8CC8-4041-B9A2-C071B3711236}.Debug|x64.ActiveCfg = Debug|x64
		{BDE120AF-8CC8-4041-B9A2-C071B3711236}.Debug|x64.Build.0 = Debug|x64
		{BDE120AF-8CC8-4041-B9A2-C071B3711236}.Debug|x86.ActiveCfg = Debug|Win32
		{BDE120AF-8CC8-4041-B9A2-C071B3711236}.Debug|x86.Build.0 = Debug|Win32
		{BDE120AF-8CC8-4041-B9A2-C071B3711236}.Release|x64.ActiveCfg = Release|x64
		{BDE120AF-8CC8-4041-B9A2-C071B3711236}.Release|x64.Build.0 = Release|x64
		{BDE120AF-8CC8-4041-B9A2-C071B3711236}.Release|x86.ActiveCfg = Release|Win32
		{BDE120AF-8CC8-4041-B9A2-C071B3711236}.Release|x86.Build.0 = Release|Win32
	EndGlobalSection
	GlobalSection(SolutionProperties) = preSolution
		HideSolutionNode = FALSE
	EndGlobalSection
	GlobalSection(ExtensibilityGlobals) = postSolution
		SolutionGuid = {7B34EB80-C105-471A-8DA8-1552B3128956}
	EndGlobalSection
EndGlobal
